
Microsoft Visual Studio Solution File, Format Version 12.00
# Visual Studio Version 17
VisualStudioVersion = 17.9.34728.123
MinimumVisualStudioVersion = 10.0.40219.1
Project("{FAE04EC0-301F-11D3-BF4B-00C04F79EFBC}") = "EREP-ex08", "EREP-ex08\EREP-ex08.csproj", "{5AA6953D-045C-471E-853F-B7AD37FB8FA5}"
EndProject
Global
	GlobalSection(SolutionConfigurationPlatforms) = preSolution
		Debug|Any CPU = Debug|Any CPU
		Release|Any CPU = Release|Any CPU
	EndGlobalSection
	GlobalSection(ProjectConfigurationPlatforms) = postSolution
		{5AA6953D-045C-471E-853F-B7AD37FB8FA5}.Debug|Any CPU.ActiveCfg = Debug|Any CPU
		{5AA6953D-045C-471E-853F-B7AD37FB8FA5}.Debug|Any CPU.Build.0 = Debug|Any CPU
		{5AA6953D-045C-471E-853F-B7AD37FB8FA5}.Release|Any CPU.ActiveCfg = Release|Any CPU
		{5AA6953D-045C-471E-853F-B7AD37FB8FA5}.Release|Any CPU.Build.0 = Release|Any CPU
	EndGlobalSection
	GlobalSection(SolutionProperties) = preSolution
		HideSolutionNode = FALSE
	EndGlobalSection
	GlobalSection(ExtensibilityGlobals) = postSolution
		SolutionGuid = {B6678733-B055-44D0-83B5-F4718E70C96F}
	EndGlobalSection
EndGlobal
