
Microsoft Visual Studio Solution File, Format Version 12.00
# Visual Studio Version 17
VisualStudioVersion = 17.9.34728.123
MinimumVisualStudioVersion = 10.0.40219.1
Project("{FAE04EC0-301F-11D3-BF4B-00C04F79EFBC}") = "EREP-ex12", "EREP-ex12\EREP-ex12.csproj", "{4EE08331-AB82-4B31-ABFF-9F86428AB01B}"
EndProject
Global
	GlobalSection(SolutionConfigurationPlatforms) = preSolution
		Debug|Any CPU = Debug|Any CPU
		Release|Any CPU = Release|Any CPU
	EndGlobalSection
	GlobalSection(ProjectConfigurationPlatforms) = postSolution
		{4EE08331-AB82-4B31-ABFF-9F86428AB01B}.Debug|Any CPU.ActiveCfg = Debug|Any CPU
		{4EE08331-AB82-4B31-ABFF-9F86428AB01B}.Debug|Any CPU.Build.0 = Debug|Any CPU
		{4EE08331-AB82-4B31-ABFF-9F86428AB01B}.Release|Any CPU.ActiveCfg = Release|Any CPU
		{4EE08331-AB82-4B31-ABFF-9F86428AB01B}.Release|Any CPU.Build.0 = Release|Any CPU
	EndGlobalSection
	GlobalSection(SolutionProperties) = preSolution
		HideSolutionNode = FALSE
	EndGlobalSection
	GlobalSection(ExtensibilityGlobals) = postSolution
		SolutionGuid = {FCE472E4-FF73-4697-BB27-2E54F00AE98A}
	EndGlobalSection
EndGlobal
