
Microsoft Visual Studio Solution File, Format Version 12.00
# Visual Studio Version 17
VisualStudioVersion = 17.9.34728.123
MinimumVisualStudioVersion = 10.0.40219.1
Project("{FAE04EC0-301F-11D3-BF4B-00C04F79EFBC}") = "EREP-ex03", "EREP-ex03\EREP-ex03.csproj", "{668E5D61-CFC8-433B-9A8E-707BF6F55C94}"
EndProject
Global
	GlobalSection(SolutionConfigurationPlatforms) = preSolution
		Debug|Any CPU = Debug|Any CPU
		Release|Any CPU = Release|Any CPU
	EndGlobalSection
	GlobalSection(ProjectConfigurationPlatforms) = postSolution
		{668E5D61-CFC8-433B-9A8E-707BF6F55C94}.Debug|Any CPU.ActiveCfg = Debug|Any CPU
		{668E5D61-CFC8-433B-9A8E-707BF6F55C94}.Debug|Any CPU.Build.0 = Debug|Any CPU
		{668E5D61-CFC8-433B-9A8E-707BF6F55C94}.Release|Any CPU.ActiveCfg = Release|Any CPU
		{668E5D61-CFC8-433B-9A8E-707BF6F55C94}.Release|Any CPU.Build.0 = Release|Any CPU
	EndGlobalSection
	GlobalSection(SolutionProperties) = preSolution
		HideSolutionNode = FALSE
	EndGlobalSection
	GlobalSection(ExtensibilityGlobals) = postSolution
		SolutionGuid = {3F9CFE68-4D38-4F43-AA8B-B0DAE6A239BD}
	EndGlobalSection
EndGlobal
